
Microsoft Visual Studio Solution File, Format Version 12.00
# Visual Studio Version 16
VisualStudioVersion = 16.0.31205.134
MinimumVisualStudioVersion = 10.0.40219.1
Project("{FAE04EC0-301F-11D3-BF4B-00C04F79EFBC}") = "Lab3Zadanie2", "Lab3Zadanie2.csproj", "{AF204B28-D8FE-4464-AC6A-4E2AC5E8DA34}"
EndProject
Global
	GlobalSection(SolutionConfigurationPlatforms) = preSolution
		Debug|Any CPU = Debug|Any CPU
		Release|Any CPU = Release|Any CPU
	EndGlobalSection
	GlobalSection(ProjectConfigurationPlatforms) = postSolution
		{AF204B28-D8FE-4464-AC6A-4E2AC5E8DA34}.Debug|Any CPU.ActiveCfg = Debug|Any CPU
		{AF204B28-D8FE-4464-AC6A-4E2AC5E8DA34}.Debug|Any CPU.Build.0 = Debug|Any CPU
		{AF204B28-D8FE-4464-AC6A-4E2AC5E8DA34}.Release|Any CPU.ActiveCfg = Release|Any CPU
		{AF204B28-D8FE-4464-AC6A-4E2AC5E8DA34}.Release|Any CPU.Build.0 = Release|Any CPU
	EndGlobalSection
	GlobalSection(SolutionProperties) = preSolution
		HideSolutionNode = FALSE
	EndGlobalSection
	GlobalSection(ExtensibilityGlobals) = postSolution
		SolutionGuid = {887A32BF-D587-40ED-B1F8-C883F576DCAF}
	EndGlobalSection
EndGlobal
