
Microsoft Visual Studio Solution File, Format Version 12.00
# Visual Studio Version 16
VisualStudioVersion = 16.0.31205.134
MinimumVisualStudioVersion = 10.0.40219.1
Project("{FAE04EC0-301F-11D3-BF4B-00C04F79EFBC}") = "Lab4", "Lab4.csproj", "{7E7C5453-840B-49AD-98D9-796AF47D6B05}"
EndProject
Global
	GlobalSection(SolutionConfigurationPlatforms) = preSolution
		Debug|Any CPU = Debug|Any CPU
		Release|Any CPU = Release|Any CPU
	EndGlobalSection
	GlobalSection(ProjectConfigurationPlatforms) = postSolution
		{7E7C5453-840B-49AD-98D9-796AF47D6B05}.Debug|Any CPU.ActiveCfg = Debug|Any CPU
		{7E7C5453-840B-49AD-98D9-796AF47D6B05}.Debug|Any CPU.Build.0 = Debug|Any CPU
		{7E7C5453-840B-49AD-98D9-796AF47D6B05}.Release|Any CPU.ActiveCfg = Release|Any CPU
		{7E7C5453-840B-49AD-98D9-796AF47D6B05}.Release|Any CPU.Build.0 = Release|Any CPU
	EndGlobalSection
	GlobalSection(SolutionProperties) = preSolution
		HideSolutionNode = FALSE
	EndGlobalSection
	GlobalSection(ExtensibilityGlobals) = postSolution
		SolutionGuid = {105B1F56-7E62-4F46-BADB-406C5D76CA28}
	EndGlobalSection
EndGlobal
