
Microsoft Visual Studio Solution File, Format Version 12.00
# Visual Studio Version 16
VisualStudioVersion = 16.0.31205.134
MinimumVisualStudioVersion = 10.0.40219.1
Project("{FAE04EC0-301F-11D3-BF4B-00C04F79EFBC}") = "Lab2Zadanie1", "Lab2Zadanie1.csproj", "{C62359C2-ACD1-4437-8FAC-6B6169EF6AE7}"
EndProject
Global
	GlobalSection(SolutionConfigurationPlatforms) = preSolution
		Debug|Any CPU = Debug|Any CPU
		Release|Any CPU = Release|Any CPU
	EndGlobalSection
	GlobalSection(ProjectConfigurationPlatforms) = postSolution
		{C62359C2-ACD1-4437-8FAC-6B6169EF6AE7}.Debug|Any CPU.ActiveCfg = Debug|Any CPU
		{C62359C2-ACD1-4437-8FAC-6B6169EF6AE7}.Debug|Any CPU.Build.0 = Debug|Any CPU
		{C62359C2-ACD1-4437-8FAC-6B6169EF6AE7}.Release|Any CPU.ActiveCfg = Release|Any CPU
		{C62359C2-ACD1-4437-8FAC-6B6169EF6AE7}.Release|Any CPU.Build.0 = Release|Any CPU
	EndGlobalSection
	GlobalSection(SolutionProperties) = preSolution
		HideSolutionNode = FALSE
	EndGlobalSection
	GlobalSection(ExtensibilityGlobals) = postSolution
		SolutionGuid = {18BA6758-73E0-498A-931A-140C626E0DC0}
	EndGlobalSection
EndGlobal
